
Microsoft Visual Studio Solution File, Format Version 12.00
# Visual Studio Version 17
VisualStudioVersion = 17.3.32929.385
MinimumVisualStudioVersion = 10.0.40219.1
Project("{9A19103F-16F7-4668-BE54-9A1E7A4F7556}") = "InvoiceGenerationSystem", "InvoiceGenerationSystem\InvoiceGenerationSystem.csproj", "{EA381E84-D9A8-4A41-AF7C-2E7971E0BCF2}"
EndProject
Project("{FAE04EC0-301F-11D3-BF4B-00C04F79EFBC}") = "InvoiceGenerationSystemTests", "InvoiceGenerationSystemTests\InvoiceGenerationSystemTests.csproj", "{E8F53338-E8A3-47C3-920C-A66CB732FCBF}"
EndProject
Global
	GlobalSection(SolutionConfigurationPlatforms) = preSolution
		Debug|Any CPU = Debug|Any CPU
		Release|Any CPU = Release|Any CPU
	EndGlobalSection
	GlobalSection(ProjectConfigurationPlatforms) = postSolution
		{EA381E84-D9A8-4A41-AF7C-2E7971E0BCF2}.Debug|Any CPU.ActiveCfg = Debug|Any CPU
		{EA381E84-D9A8-4A41-AF7C-2E7971E0BCF2}.Debug|Any CPU.Build.0 = Debug|Any CPU
		{EA381E84-D9A8-4A41-AF7C-2E7971E0BCF2}.Release|Any CPU.ActiveCfg = Release|Any CPU
		{EA381E84-D9A8-4A41-AF7C-2E7971E0BCF2}.Release|Any CPU.Build.0 = Release|Any CPU
		{E8F53338-E8A3-47C3-920C-A66CB732FCBF}.Debug|Any CPU.ActiveCfg = Debug|Any CPU
		{E8F53338-E8A3-47C3-920C-A66CB732FCBF}.Debug|Any CPU.Build.0 = Debug|Any CPU
		{E8F53338-E8A3-47C3-920C-A66CB732FCBF}.Release|Any CPU.ActiveCfg = Release|Any CPU
		{E8F53338-E8A3-47C3-920C-A66CB732FCBF}.Release|Any CPU.Build.0 = Release|Any CPU
	EndGlobalSection
	GlobalSection(SolutionProperties) = preSolution
		HideSolutionNode = FALSE
	EndGlobalSection
	GlobalSection(ExtensibilityGlobals) = postSolution
		SolutionGuid = {30E75D0B-AFE7-4D86-967E-25187E3598C6}
	EndGlobalSection
EndGlobal
